// !$*UTF8*$!
{
	archiveVersion = 1;
	classes = {
	};
	objectVersion = 46;
	objects = {

/* Begin PBXBuildFile section */
		A00A55331C835FFF00993C02 /* AppDelegate.swift in Sources */ = {isa = PBXBuildFile; fileRef = A00A55321C835FFF00993C02 /* AppDelegate.swift */; };
		A00A55351C835FFF00993C02 /* ViewController.swift in Sources */ = {isa = PBXBuildFile; fileRef = A00A55341C835FFF00993C02 /* ViewController.swift */; };
		A00A55381C835FFF00993C02 /* Main.storyboard in Resources */ = {isa = PBXBuildFile; fileRef = A00A55361C835FFF00993C02 /* Main.storyboard */; };
		A00A553A1C83600000993C02 /* Assets.xcassets in Resources */ = {isa = PBXBuildFile; fileRef = A00A55391C83600000993C02 /* Assets.xcassets */; };
		A00A553D1C83600000993C02 /* LaunchScreen.storyboard in Resources */ = {isa = PBXBuildFile; fileRef = A00A553B1C83600000993C02 /* LaunchScreen.storyboard */; };
/* End PBXBuildFile section */

/* Begin PBXFileReference section */
		A00A552F1C835FFE00993C02 /* PeticionISBN.app */ = {isa = PBXFileReference; explicitFileType = wrapper.application; includeInIndex = 0; path = PeticionISBN.app; sourceTree = BUILT_PRODUCTS_DIR; };
		A00A55321C835FFF00993C02 /* AppDelegate.swift */ = {isa = PBXFileReference; lastKnownFileType = sourcecode.swift; path = AppDelegate.swift; sourceTree = "<group>"; };
		A00A55341C835FFF00993C02 /* ViewController.swift */ = {isa = PBXFileReference; lastKnownFileType = sourcecode.swift; path = ViewController.swift; sourceTree = "<group>"; };
		A00A55371C835FFF00993C02 /* Base */ = {isa = PBXFileReference; lastKnownFileType = file.storyboard; name = Base; path = Base.lproj/Main.storyboard; sourceTree = "<group>"; };
		A00A55391C83600000993C02 /* Assets.xcassets */ = {isa = PBXFileReference; lastKnownFileType = folder.assetcatalog; path = Assets.xcassets; sourceTree = "<group>"; };
		A00A553C1C83600000993C02 /* Base */ = {isa = PBXFileReference; lastKnownFileType = file.storyboard; name = Base; path = Base.lproj/LaunchScreen.storyboard; sourceTree = "<group>"; };
		A00A553E1C83600100993C02 /* Info.plist */ = {isa = PBXFileReference; lastKnownFileType = text.plist.xml; path = Info.plist; sourceTree = "<group>"; };
/* End PBXFileReference section */

/* Begin PBXFrameworksBuildPhase section */
		A00A552C1C835FFD00993C02 /* Frameworks */ = {
			isa = PBXFrameworksBuildPhase;
			buildActionMask = 2147483647;
			files = (
			);
			runOnlyForDeploymentPostprocessing = 0;
		};
/* End PBXFrameworksBuildPhase section */

/* Begin PBXGroup section */
		A00A55261C835FFB00993C02 = {
			isa = PBXGroup;
			children = (
				A00A55311C835FFE00993C02 /* PeticionISBN */,
				A00A55301C835FFE00993C02 /* Products */,
			);
			sourceTree = "<group>";
		};
		A00A55301C835FFE00993C02 /* Products */ = {
			isa = PBXGroup;
			children = (
				A00A552F1C835FFE00993C02 /* PeticionISBN.app */,
			);
			name = Products;
			sourceTree = "<group>";
		};
		A00A55311C835FFE00993C02 /* PeticionISBN */ = {
			isa = PBXGroup;
			children = (
				A00A55321C835FFF00993C02 /* AppDelegate.swift */,
				A00A55341C835FFF00993C02 /* ViewController.swift */,
				A00A55361C835FFF00993C02 /* Main.storyboard */,
				A00A55391C83600000993C02 /* Assets.xcassets */,
				A00A553B1C83600000993C02 /* LaunchScreen.storyboard */,
				A00A553E1C83600100993C02 /* Info.plist */,
			);
			path = PeticionISBN;
			sourceTree = "<group>";
		};
/* End PBXGroup section */

/* Begin PBXNativeTarget section */
		A00A552E1C835FFD00993C02 /* PeticionISBN */ = {
			isa = PBXNativeTarget;
			buildConfigurationList = A00A55411C83600100993C02 /* Build configuration list for PBXNativeTarget "PeticionISBN" */;
			buildPhases = (
				A00A552B1C835FFD00993C02 /* Sources */,
				A00A552C1C835FFD00993C02 /* Frameworks */,
				A00A552D1C835FFD00993C02 /* Resources */,
			);
			buildRules = (
			);
			dependencies = (
			);
			name = PeticionISBN;
			productName = PeticionISBN;
			productReference = A00A552F1C835FFE00993C02 /* PeticionISBN.app */;
			productType = "com.apple.product-type.application";
		};
/* End PBXNativeTarget section */

/* Begin PBXProject section */
		A00A55271C835FFC00993C02 /* Project object */ = {
			isa = PBXProject;
			attributes = {
				LastSwiftUpdateCheck = 0720;
				LastUpgradeCheck = 0720;
				ORGANIZATIONNAME = luisgomez;
				TargetAttributes = {
					A00A552E1C835FFD00993C02 = {
						CreatedOnToolsVersion = 7.2.1;
						DevelopmentTeam = 49X3XN3XX9;
					};
				};
			};
			buildConfigurationList = A00A552A1C835FFC00993C02 /* Build configuration list for PBXProject "PeticionISBN" */;
			compatibilityVersion = "Xcode 3.2";
			developmentRegion = English;
			hasScannedForEncodings = 0;
			knownRegions = (
				en,
				Base,
			);
			mainGroup = A00A55261C835FFB00993C02;
			productRefGroup = A00A55301C835FFE00993C02 /* Products */;
			projectDirPath = "";
			projectRoot = "";
			targets = (
				A00A552E1C835FFD00993C02 /* PeticionISBN */,
			);
		};
/* End PBXProject section */

/* Begin PBXResourcesBuildPhase section */
		A00A552D1C835FFD00993C02 /* Resources */ = {
			isa = PBXResourcesBuildPhase;
			buildActionMask = 2147483647;
			files = (
				A00A553D1C83600000993C02 /* LaunchScreen.storyboard in Resources */,
				A00A553A1C83600000993C02 /* Assets.xcassets in Resources */,
				A00A55381C835FFF00993C02 /* Main.storyboard in Resources */,
			);
			runOnlyForDeploymentPostprocessing = 0;
		};
/* End PBXResourcesBuildPhase section */

/* Begin PBXSourcesBuildPhase section */
		A00A552B1C835FFD00993C02 /* Sources */ = {
			isa = PBXSourcesBuildPhase;
			buildActionMask = 2147483647;
			files = (
				A00A55351C835FFF00993C02 /* ViewController.swift in Sources */,
				A00A55331C835FFF00993C02 /* AppDelegate.swift in Sources */,
			);
			runOnlyForDeploymentPostprocessing = 0;
		};
/* End PBXSourcesBuildPhase section */

/* Begin PBXVariantGroup section */
		A00A55361C835FFF00993C02 /* Main.storyboard */ = {
			isa = PBXVariantGroup;
			children = (
				A00A55371C835FFF00993C02 /* Base */,
			);
			name = Main.storyboard;
			sourceTree = "<group>";
		};
		A00A553B1C83600000993C02 /* LaunchScreen.storyboard */ = {
			isa = PBXVariantGroup;
			children = (
				A00A553C1C83600000993C02 /* Base */,
			);
			name = LaunchScreen.storyboard;
			sourceTree = "<group>";
		};
/* End PBXVariantGroup section */

/* Begin XCBuildConfiguration section */
		A00A553F1C83600100993C02 /* Debug */ = {
			isa = XCBuildConfiguration;
			buildSettings = {
				ALWAYS_SEARCH_USER_PATHS = NO;
				CLANG_CXX_LANGUAGE_STANDARD = "gnu++0x";
				CLANG_CXX_LIBRARY = "libc++";
				CLANG_ENABLE_MODULES = YES;
				CLANG_ENABLE_OBJC_ARC = YES;
				CLANG_WARN_BOOL_CONVERSION = YES;
				CLANG_WARN_CONSTANT_CONVERSION = YES;
				CLANG_WARN_DIRECT_OBJC_ISA_USAGE = YES_ERROR;
				CLANG_WARN_EMPTY_BODY = YES;
				CLANG_WARN_ENUM_CONVERSION = YES;
				CLANG_WARN_INT_CONVERSION = YES;
				CLANG_WARN_OBJC_ROOT_CLASS = YES_ERROR;
				CLANG_WARN_UNREACHABLE_CODE = YES;
				CLANG_WARN__DUPLICATE_METHOD_MATCH = YES;
				"CODE_SIGN_IDENTITY[sdk=iphoneos*]" = "iPhone Developer";
				COPY_PHASE_STRIP = NO;
				DEBUG_INFORMATION_FORMAT = dwarf;
				ENABLE_STRICT_OBJC_MSGSEND = YES;
				ENABLE_TESTABILITY = YES;
				GCC_C_LANGUAGE_STANDARD = gnu99;
				GCC_DYNAMIC_NO_PIC = NO;
				GCC_NO_COMMON_BLOCKS = YES;
				GCC_OPTIMIZATION_LEVEL = 0;
				GCC_PREPROCESSOR_DEFINITIONS = (
					"DEBUG=1",
					"$(inherited)",
				);
				GCC_WARN_64_TO_32_BIT_CONVERSION = YES;
				GCC_WARN_ABOUT_RETURN_TYPE = YES_ERROR;
				GCC_WARN_UNDECLARED_SELECTOR = YES;
				GCC_WARN_UNINITIALIZED_AUTOS = YES_AGGRESSIVE;
				GCC_WARN_UNUSED_FUNCTION = YES;
				GCC_WARN_UNUSED_VARIABLE = YES;
				IPHONEOS_DEPLOYMENT_TARGET = 9.2;
				MTL_ENABLE_DEBUG_INFO = YES;
				ONLY_ACTIVE_ARCH = YES;
				SDKROOT = iphoneos;
				SWIFT_OPTIMIZATION_LEVEL = "-Onone";
				TARGETED_DEVICE_FAMILY = "1,2";
			};
			name = Debug;
		};
		A00A55401C83600100993C02 /* Release */ = {
			isa = XCBuildConfiguration;
			buildSettings = {
				ALWAYS_SEARCH_USER_PATHS = NO;
				CLANG_CXX_LANGUAGE_STANDARD = "gnu++0x";
				CLANG_CXX_LIBRARY = "libc++";
				CLANG_ENABLE_MODULES = YES;
				CLANG_ENABLE_OBJC_ARC = YES;
				CLANG_WARN_BOOL_CONVERSION = YES;
				CLANG_WARN_CONSTANT_CONVERSION = YES;
				CLANG_WARN_DIRECT_OBJC_ISA_USAGE = YES_ERROR;
				CLANG_WARN_EMPTY_BODY = YES;
				CLANG_WARN_ENUM_CONVERSION = YES;
				CLANG_WARN_INT_CONVERSION = YES;
				CLANG_WARN_OBJC_ROOT_CLASS = YES_ERROR;
				CLANG_WARN_UNREACHABLE_CODE = YES;
				CLANG_WARN__DUPLICATE_METHOD_MATCH = YES;
				"CODE_SIGN_IDENTITY[sdk=iphoneos*]" = "iPhone Developer";
				COPY_PHASE_STRIP = NO;
				DEBUG_INFORMATION_FORMAT = "dwarf-with-dsym";
				ENABLE_NS_ASSERTIONS = NO;
				ENABLE_STRICT_OBJC_MSGSEND = YES;
				GCC_C_LANGUAGE_STANDARD = gnu99;
				GCC_NO_COMMON_BLOCKS = YES;
				GCC_WARN_64_TO_32_BIT_CONVERSION = YES;
				GCC_WARN_ABOUT_RETURN_TYPE = YES_ERROR;
				GCC_WARN_UNDECLARED_SELECTOR = YES;
				GCC_WARN_UNINITIALIZED_AUTOS = YES_AGGRESSIVE;
				GCC_WARN_UNUSED_FUNCTION = YES;
				GCC_WARN_UNUSED_VARIABLE = YES;
				IPHONEOS_DEPLOYMENT_TARGET = 9.2;
				MTL_ENABLE_DEBUG_INFO = NO;
				SDKROOT = iphoneos;
				TARGETED_DEVICE_FAMILY = "1,2";
				VALIDATE_PRODUCT = YES;
			};
			name = Release;
		};
		A00A55421C83600100993C02 /* Debug */ = {
			isa = XCBuildConfiguration;
			buildSettings = {
				ASSETCATALOG_COMPILER_APPICON_NAME = AppIcon;
				INFOPLIST_FILE = PeticionISBN/Info.plist;
				LD_RUNPATH_SEARCH_PATHS = "$(inherited) @executable_path/Frameworks";
				PRODUCT_BUNDLE_IDENTIFIER = es.luisgomez.PeticionISBN;
				PRODUCT_NAME = "$(TARGET_NAME)";
			};
			name = Debug;
		};
		A00A55431C83600100993C02 /* Release */ = {
			isa = XCBuildConfiguration;
			buildSettings = {
				ASSETCATALOG_COMPILER_APPICON_NAME = AppIcon;
				INFOPLIST_FILE = PeticionISBN/Info.plist;
				LD_RUNPATH_SEARCH_PATHS = "$(inherited) @executable_path/Frameworks";
				PRODUCT_BUNDLE_IDENTIFIER = es.luisgomez.PeticionISBN;
				PRODUCT_NAME = "$(TARGET_NAME)";
			};
			name = Release;
		};
/* End XCBuildConfiguration section */

/* Begin XCConfigurationList section */
		A00A552A1C835FFC00993C02 /* Build configuration list for PBXProject "PeticionISBN" */ = {
			isa = XCConfigurationList;
			buildConfigurations = (
				A00A553F1C83600100993C02 /* Debug */,
				A00A55401C83600100993C02 /* Release */,
			);
			defaultConfigurationIsVisible = 0;
			defaultConfigurationName = Release;
		};
		A00A55411C83600100993C02 /* Build configuration list for PBXNativeTarget "PeticionISBN" */ = {
			isa = XCConfigurationList;
			buildConfigurations = (
				A00A55421C83600100993C02 /* Debug */,
				A00A55431C83600100993C02 /* Release */,
			);
			defaultConfigurationIsVisible = 0;
		};
/* End XCConfigurationList section */
	};
	rootObject = A00A55271C835FFC00993C02 /* Project object */;
}
